
Microsoft Visual Studio Solution File, Format Version 12.00
# Visual Studio Version 16
VisualStudioVersion = 16.0.30907.101
MinimumVisualStudioVersion = 10.0.40219.1
Project("{FAE04EC0-301F-11D3-BF4B-00C04F79EFBC}") = "MyDictionary", "MyDictionary\MyDictionary.csproj", "{2A22E5B3-6592-4C79-A265-1C7366A0D8AD}"
EndProject
Global
	GlobalSection(SolutionConfigurationPlatforms) = preSolution
		Debug|Any CPU = Debug|Any CPU
		Release|Any CPU = Release|Any CPU
	EndGlobalSection
	GlobalSection(ProjectConfigurationPlatforms) = postSolution
		{2A22E5B3-6592-4C79-A265-1C7366A0D8AD}.Debug|Any CPU.ActiveCfg = Debug|Any CPU
		{2A22E5B3-6592-4C79-A265-1C7366A0D8AD}.Debug|Any CPU.Build.0 = Debug|Any CPU
		{2A22E5B3-6592-4C79-A265-1C7366A0D8AD}.Release|Any CPU.ActiveCfg = Release|Any CPU
		{2A22E5B3-6592-4C79-A265-1C7366A0D8AD}.Release|Any CPU.Build.0 = Release|Any CPU
	EndGlobalSection
	GlobalSection(SolutionProperties) = preSolution
		HideSolutionNode = FALSE
	EndGlobalSection
	GlobalSection(ExtensibilityGlobals) = postSolution
		SolutionGuid = {B5037C62-4620-41D6-A88F-DA8D6A1CF4AC}
	EndGlobalSection
EndGlobal
